
Microsoft Visual Studio Solution File, Format Version 12.00
# Visual Studio Version 16
VisualStudioVersion = 16.0.31025.194
MinimumVisualStudioVersion = 10.0.40219.1
Project("{9A19103F-16F7-4668-BE54-9A1E7A4F7556}") = "NResx.Tools.CommandLine", "NResx.Tools.CommandLine\NResx.Tools.CommandLine.csproj", "{0E0CD8C7-75EC-492D-A0DC-81E240088531}"
EndProject
Project("{FAE04EC0-301F-11D3-BF4B-00C04F79EFBC}") = "NResx.Tools", "NResx.Tools\NResx.Tools.csproj", "{DBD7F05F-59A8-4542-A545-54CE9351B58E}"
EndProject
Project("{FAE04EC0-301F-11D3-BF4B-00C04F79EFBC}") = "NResx.Tools.Tests", "NResx.Tools.Tests\NResx.Tools.Tests.csproj", "{2F3D0BF1-5136-4845-B174-C252E37F58F5}"
EndProject
Global
	GlobalSection(SolutionConfigurationPlatforms) = preSolution
		Debug|Any CPU = Debug|Any CPU
		Release|Any CPU = Release|Any CPU
	EndGlobalSection
	GlobalSection(ProjectConfigurationPlatforms) = postSolution
		{0E0CD8C7-75EC-492D-A0DC-81E240088531}.Debug|Any CPU.ActiveCfg = Debug|Any CPU
		{0E0CD8C7-75EC-492D-A0DC-81E240088531}.Debug|Any CPU.Build.0 = Debug|Any CPU
		{0E0CD8C7-75EC-492D-A0DC-81E240088531}.Release|Any CPU.ActiveCfg = Release|Any CPU
		{0E0CD8C7-75EC-492D-A0DC-81E240088531}.Release|Any CPU.Build.0 = Release|Any CPU
		{DBD7F05F-59A8-4542-A545-54CE9351B58E}.Debug|Any CPU.ActiveCfg = Debug|Any CPU
		{DBD7F05F-59A8-4542-A545-54CE9351B58E}.Debug|Any CPU.Build.0 = Debug|Any CPU
		{DBD7F05F-59A8-4542-A545-54CE9351B58E}.Release|Any CPU.ActiveCfg = Release|Any CPU
		{DBD7F05F-59A8-4542-A545-54CE9351B58E}.Release|Any CPU.Build.0 = Release|Any CPU
		{2F3D0BF1-5136-4845-B174-C252E37F58F5}.Debug|Any CPU.ActiveCfg = Debug|Any CPU
		{2F3D0BF1-5136-4845-B174-C252E37F58F5}.Debug|Any CPU.Build.0 = Debug|Any CPU
		{2F3D0BF1-5136-4845-B174-C252E37F58F5}.Release|Any CPU.ActiveCfg = Release|Any CPU
		{2F3D0BF1-5136-4845-B174-C252E37F58F5}.Release|Any CPU.Build.0 = Release|Any CPU
	EndGlobalSection
	GlobalSection(SolutionProperties) = preSolution
		HideSolutionNode = FALSE
	EndGlobalSection
	GlobalSection(ExtensibilityGlobals) = postSolution
		SolutionGuid = {C62E2D53-69FA-48BB-ABF9-E5EFE3BD0F42}
	EndGlobalSection
EndGlobal
